
Microsoft Visual Studio Solution File, Format Version 12.00
# Visual Studio Version 17
VisualStudioVersion = 17.11.35312.102
MinimumVisualStudioVersion = 10.0.40219.1
Project("{FAE04EC0-301F-11D3-BF4B-00C04F79EFBC}") = "VideoGrabberLibrary", "VideoGrabberLibrary\VideoGrabberLibrary.csproj", "{58D3C7BF-0FAD-4B6B-ADFB-D2232FFC94C7}"
EndProject
Project("{FAE04EC0-301F-11D3-BF4B-00C04F79EFBC}") = "Testing", "Testing\Testing.csproj", "{991B38D1-1383-45B9-8D05-BF23878462C8}"
EndProject
Global
	GlobalSection(SolutionConfigurationPlatforms) = preSolution
		Debug|Any CPU = Debug|Any CPU
		Release|Any CPU = Release|Any CPU
	EndGlobalSection
	GlobalSection(ProjectConfigurationPlatforms) = postSolution
		{58D3C7BF-0FAD-4B6B-ADFB-D2232FFC94C7}.Debug|Any CPU.ActiveCfg = Debug|Any CPU
		{58D3C7BF-0FAD-4B6B-ADFB-D2232FFC94C7}.Debug|Any CPU.Build.0 = Debug|Any CPU
		{58D3C7BF-0FAD-4B6B-ADFB-D2232FFC94C7}.Release|Any CPU.ActiveCfg = Release|Any CPU
		{58D3C7BF-0FAD-4B6B-ADFB-D2232FFC94C7}.Release|Any CPU.Build.0 = Release|Any CPU
		{991B38D1-1383-45B9-8D05-BF23878462C8}.Debug|Any CPU.ActiveCfg = Debug|Any CPU
		{991B38D1-1383-45B9-8D05-BF23878462C8}.Debug|Any CPU.Build.0 = Debug|Any CPU
		{991B38D1-1383-45B9-8D05-BF23878462C8}.Release|Any CPU.ActiveCfg = Release|Any CPU
		{991B38D1-1383-45B9-8D05-BF23878462C8}.Release|Any CPU.Build.0 = Release|Any CPU
	EndGlobalSection
	GlobalSection(SolutionProperties) = preSolution
		HideSolutionNode = FALSE
	EndGlobalSection
	GlobalSection(ExtensibilityGlobals) = postSolution
		SolutionGuid = {F1D2FB33-21B0-4508-8423-EC2C88203DC5}
	EndGlobalSection
EndGlobal
